<Solution>
  <Folder Name="/src/">
    <Project Path="src/PurgeX.Abstractions/PurgeX.Abstractions.csproj" />
    <Project Path="src/PurgeX.Core/PurgeX.Core.csproj" />
    <Project Path="src/PurgeX.Platform.Windows/PurgeX.Platform.Windows.csproj">
      <Platform Project="x64" />
    </Project>
  </Folder>
  <Folder Name="/tests/">
    <Project Path="tests/PurgeX.Tests/PurgeX.Tests.csproj" />
  </Folder>
</Solution>
